# THIS IS AN AUTOGENERATED FILE. DO NOT EDIT THIS FILE DIRECTLY.
# yarn lockfile v1


font-awesome@4.7.0:
  version "4.7.0"
  resolved "https://registry.yarnpkg.com/font-awesome/-/font-awesome-4.7.0.tgz#8fa8cf0411a1a31afd07b06d2902bb9fc815a133"
  integrity sha1-j6jPBBGhoxr9B7BtKQK7n8gVoTM=

foundation-sites@6.6.1:
  version "6.6.1"
  resolved "https://registry.yarnpkg.com/foundation-sites/-/foundation-sites-6.6.1.tgz#79dce2f897cc08fafa7e8d56f5b0e88b51c45d38"
  integrity sha512-4GrCL8L3osFJM6WCNRIQs5kGX5BCKNuO2zzQN68lUTblgpH7FUE28ctkbNFqoTnkUmWARj5VtiS3oQob3H0eZA==

jquery@3.4.1, jquery@>=2.2.0:
  version "3.4.1"
  resolved "https://registry.yarnpkg.com/jquery/-/jquery-3.4.1.tgz#714f1f8d9dde4bdfa55764ba37ef214630d80ef2"
  integrity sha512-36+AdBzCL+y6qjw5Tx7HgzeGCzC81MDDgaUP8ld2zhx58HdqXGoBd+tHdrBMiyjGQs0Hxs/MLZTu/eHNJJuWPw==

motion-ui@1.2.3:
  version "1.2.3"
  resolved "https://registry.yarnpkg.com/motion-ui/-/motion-ui-1.2.3.tgz#9f7e17f0d66a15e9ee549023e6f3de1139a2e166"
  integrity sha1-n34X8NZqFenuVJAj5vPeETmi4WY=
  dependencies:
    jquery ">=2.2.0"

what-input@5.2.6:
  version "5.2.6"
  resolved "https://registry.yarnpkg.com/what-input/-/what-input-5.2.6.tgz#ac6f003bf8d3592a0031dea7a03565469b00020b"
  integrity sha512-a0BcI5YR7xp87vSzGcbN0IszJKpUQuTmrZaTSQBl7TLDIdKj6rDhluQ7b/7lYGG81gWDvkySsEvwv4BW5an9kg==
